{
    "_readme": [
        "This file locks the dependencies of your project to a known state",
        "Read more about it at http://getcomposer.org/doc/01-basic-usage.md#composer-lock-the-lock-file",
        "This file is @generated automatically"
    ],
    "hash": "c3f83a8e87d9b1db6cf9d39f538c1066",
    "packages": [
        {
            "name": "piece/stagehand-alterationmonitor",
            "version": "2.0.0",
            "source": {
                "type": "git",
                "url": "https://github.com/piece/stagehand-alterationmonitor.git",
                "reference": "a54efc033371766e93e9cec5c7f976bfd44d51fd"
            },
            "dist": {
                "type": "zip",
                "url": "https://api.github.com/repos/piece/stagehand-alterationmonitor/zipball/a54efc033371766e93e9cec5c7f976bfd44d51fd",
                "reference": "a54efc033371766e93e9cec5c7f976bfd44d51fd",
                "shasum": ""
            },
            "require": {
                "php": ">=5.3.2"
            },
            "type": "library",
            "autoload": {
                "psr-0": {
                    "Stagehand\\AlterationMonitor": "src/"
                }
            },
            "notification-url": "https://packagist.org/downloads/",
            "license": [
                "BSD-2"
            ],
            "authors": [
                {
                    "name": "KUBO Atsuhiro",
                    "email": "kubo@iteman.jp"
                }
            ],
            "description": "A file alteration monitor",
            "homepage": "http://redmine.piece-framework.com/projects/stagehand-componentfactory",
            "keywords": [
                "alteration monitoring"
            ],
            "time": "2012-04-11 03:13:40"
        },
        {
            "name": "piece/stagehand-componentfactory",
            "version": "v1.0.1",
            "source": {
                "type": "git",
                "url": "https://github.com/piece/stagehand-componentfactory.git",
                "reference": "d38890fa8a9a813f5f4c39471654a9de3ca0291c"
            },
            "dist": {
                "type": "zip",
                "url": "https://api.github.com/repos/piece/stagehand-componentfactory/zipball/d38890fa8a9a813f5f4c39471654a9de3ca0291c",
                "reference": "d38890fa8a9a813f5f4c39471654a9de3ca0291c",
                "shasum": ""
            },
            "require": {
                "ext-pcre": "*",
                "php": ">=5.3.2",
                "symfony/dependency-injection": ">=2.0.0"
            },
            "type": "library",
            "extra": {
                "branch-alias": {
                    "dev-master": "1.1-dev"
                }
            },
            "autoload": {
                "psr-0": {
                    "Stagehand\\ComponentFactory": "src/"
                }
            },
            "notification-url": "https://packagist.org/downloads/",
            "license": [
                "BSD-2"
            ],
            "authors": [
                {
                    "name": "KUBO Atsuhiro",
                    "email": "kubo@iteman.jp"
                }
            ],
            "description": "A component factory with the Symfony DependencyInjection component",
            "homepage": "http://piece-framework.com/projects/stagehand-componentfactory",
            "keywords": [
                "dependency injection"
            ],
            "time": "2012-05-03 08:23:21"
        },
        {
            "name": "piece/stagehand-testrunner",
            "version": "v4.0.0",
            "source": {
                "type": "git",
                "url": "https://github.com/piece/stagehand-testrunner.git",
                "reference": "060aaf4844bdcaaf59aa4e6a2ec800834aeee142"
            },
            "dist": {
                "type": "zip",
                "url": "https://api.github.com/repos/piece/stagehand-testrunner/zipball/060aaf4844bdcaaf59aa4e6a2ec800834aeee142",
                "reference": "060aaf4844bdcaaf59aa4e6a2ec800834aeee142",
                "shasum": ""
            },
            "require": {
                "ext-dom": "*",
                "ext-mbstring": "*",
                "ext-pcre": "*",
                "ext-spl": "*",
                "php": ">=5.3.3",
                "piece/stagehand-alterationmonitor": "~2.0",
                "piece/stagehand-componentfactory": "~1.0",
                "sebastian/version": "~1.0",
                "symfony/config": "~2.0",
                "symfony/console": "~2.0",
                "symfony/dependency-injection": "~2.0",
                "symfony/finder": "~2.0",
                "symfony/process": "~2.0",
                "symfony/yaml": "~2.0"
            },
            "require-dev": {
                "phake/phake": "1.0.*",
                "phpunit/phpunit": ">=3.7.0"
            },
            "suggest": {
                "phpunit/phpunit": "For using PHPUnit"
            },
            "bin": [
                "bin/testrunner"
            ],
            "type": "library",
            "extra": {
                "branch-alias": {
                    "dev-master": "4.0.x-dev"
                }
            },
            "autoload": {
                "psr-4": {
                    "Stagehand\\TestRunner\\": "src/"
                }
            },
            "notification-url": "https://packagist.org/downloads/",
            "license": [
                "BSD-2-Clause"
            ],
            "authors": [
                {
                    "name": "KUBO Atsuhiro",
                    "email": "kubo@iteman.jp"
                }
            ],
            "description": "A continuous test runner for CLI",
            "homepage": "http://piece-framework.com/projects/stagehand-testrunner",
            "keywords": [
                "cli",
                "testing"
            ],
            "time": "2014-06-06 03:17:56"
        },
        {
            "name": "sebastian/version",
            "version": "1.0.3",
            "source": {
                "type": "git",
                "url": "https://github.com/sebastianbergmann/version.git",
                "reference": "b6e1f0cf6b9e1ec409a0d3e2f2a5fb0998e36b43"
            },
            "dist": {
                "type": "zip",
                "url": "https://api.github.com/repos/sebastianbergmann/version/zipball/b6e1f0cf6b9e1ec409a0d3e2f2a5fb0998e36b43",
                "reference": "b6e1f0cf6b9e1ec409a0d3e2f2a5fb0998e36b43",
                "shasum": ""
            },
            "type": "library",
            "autoload": {
                "classmap": [
                    "src/"
                ]
            },
            "notification-url": "https://packagist.org/downloads/",
            "license": [
                "BSD-3-Clause"
            ],
            "authors": [
                {
                    "name": "Sebastian Bergmann",
                    "email": "sebastian@phpunit.de",
                    "role": "lead"
                }
            ],
            "description": "Library that helps with managing the version number of Git-hosted PHP projects",
            "homepage": "https://github.com/sebastianbergmann/version",
            "time": "2014-03-07 15:35:33"
        },
        {
            "name": "symfony/config",
            "version": "v2.5.0",
            "target-dir": "Symfony/Component/Config",
            "source": {
                "type": "git",
                "url": "https://github.com/symfony/Config.git",
                "reference": "9c8caadb38ecc69ac35ab31af4d1996944b5a09f"
            },
            "dist": {
                "type": "zip",
                "url": "https://api.github.com/repos/symfony/Config/zipball/9c8caadb38ecc69ac35ab31af4d1996944b5a09f",
                "reference": "9c8caadb38ecc69ac35ab31af4d1996944b5a09f",
                "shasum": ""
            },
            "require": {
                "php": ">=5.3.3",
                "symfony/filesystem": "~2.3"
            },
            "type": "library",
            "extra": {
                "branch-alias": {
                    "dev-master": "2.5-dev"
                }
            },
            "autoload": {
                "psr-0": {
                    "Symfony\\Component\\Config\\": ""
                }
            },
            "notification-url": "https://packagist.org/downloads/",
            "license": [
                "MIT"
            ],
            "authors": [
                {
                    "name": "Fabien Potencier",
                    "email": "fabien@symfony.com",
                    "homepage": "http://fabien.potencier.org",
                    "role": "Lead Developer"
                },
                {
                    "name": "Symfony Community",
                    "homepage": "http://symfony.com/contributors"
                }
            ],
            "description": "Symfony Config Component",
            "homepage": "http://symfony.com",
            "time": "2014-04-22 08:11:23"
        },
        {
            "name": "symfony/console",
            "version": "v2.5.0",
            "target-dir": "Symfony/Component/Console",
            "source": {
                "type": "git",
                "url": "https://github.com/symfony/Console.git",
                "reference": "ef4ca73b0b3a10cbac653d3ca482d0cdd4502b2c"
            },
            "dist": {
                "type": "zip",
                "url": "https://api.github.com/repos/symfony/Console/zipball/ef4ca73b0b3a10cbac653d3ca482d0cdd4502b2c",
                "reference": "ef4ca73b0b3a10cbac653d3ca482d0cdd4502b2c",
                "shasum": ""
            },
            "require": {
                "php": ">=5.3.3"
            },
            "require-dev": {
                "psr/log": "~1.0",
                "symfony/event-dispatcher": "~2.1"
            },
            "suggest": {
                "psr/log": "For using the console logger",
                "symfony/event-dispatcher": ""
            },
            "type": "library",
            "extra": {
                "branch-alias": {
                    "dev-master": "2.5-dev"
                }
            },
            "autoload": {
                "psr-0": {
                    "Symfony\\Component\\Console\\": ""
                }
            },
            "notification-url": "https://packagist.org/downloads/",
            "license": [
                "MIT"
            ],
            "authors": [
                {
                    "name": "Fabien Potencier",
                    "email": "fabien@symfony.com",
                    "homepage": "http://fabien.potencier.org",
                    "role": "Lead Developer"
                },
                {
                    "name": "Symfony Community",
                    "homepage": "http://symfony.com/contributors"
                }
            ],
            "description": "Symfony Console Component",
            "homepage": "http://symfony.com",
            "time": "2014-05-22 08:54:24"
        },
        {
            "name": "symfony/dependency-injection",
            "version": "v2.5.0",
            "target-dir": "Symfony/Component/DependencyInjection",
            "source": {
                "type": "git",
                "url": "https://github.com/symfony/DependencyInjection.git",
                "reference": "5dfb4c2b74c4976efe1efa783370da656a2dd742"
            },
            "dist": {
                "type": "zip",
                "url": "https://api.github.com/repos/symfony/DependencyInjection/zipball/5dfb4c2b74c4976efe1efa783370da656a2dd742",
                "reference": "5dfb4c2b74c4976efe1efa783370da656a2dd742",
                "shasum": ""
            },
            "require": {
                "php": ">=5.3.3"
            },
            "require-dev": {
                "symfony/config": "~2.2",
                "symfony/expression-language": "~2.4",
                "symfony/yaml": "~2.0"
            },
            "suggest": {
                "symfony/config": "",
                "symfony/proxy-manager-bridge": "Generate service proxies to lazy load them",
                "symfony/yaml": ""
            },
            "type": "library",
            "extra": {
                "branch-alias": {
                    "dev-master": "2.5-dev"
                }
            },
            "autoload": {
                "psr-0": {
                    "Symfony\\Component\\DependencyInjection\\": ""
                }
            },
            "notification-url": "https://packagist.org/downloads/",
            "license": [
                "MIT"
            ],
            "authors": [
                {
                    "name": "Fabien Potencier",
                    "email": "fabien@symfony.com",
                    "homepage": "http://fabien.potencier.org",
                    "role": "Lead Developer"
                },
                {
                    "name": "Symfony Community",
                    "homepage": "http://symfony.com/contributors"
                }
            ],
            "description": "Symfony DependencyInjection Component",
            "homepage": "http://symfony.com",
            "time": "2014-05-12 09:28:39"
        },
        {
            "name": "symfony/filesystem",
            "version": "v2.5.0",
            "target-dir": "Symfony/Component/Filesystem",
            "source": {
                "type": "git",
                "url": "https://github.com/symfony/Filesystem.git",
                "reference": "98e831eac836a0a5911626ce82684155f21d0e4d"
            },
            "dist": {
                "type": "zip",
                "url": "https://api.github.com/repos/symfony/Filesystem/zipball/98e831eac836a0a5911626ce82684155f21d0e4d",
                "reference": "98e831eac836a0a5911626ce82684155f21d0e4d",
                "shasum": ""
            },
            "require": {
                "php": ">=5.3.3"
            },
            "type": "library",
            "extra": {
                "branch-alias": {
                    "dev-master": "2.5-dev"
                }
            },
            "autoload": {
                "psr-0": {
                    "Symfony\\Component\\Filesystem\\": ""
                }
            },
            "notification-url": "https://packagist.org/downloads/",
            "license": [
                "MIT"
            ],
            "authors": [
                {
                    "name": "Fabien Potencier",
                    "email": "fabien@symfony.com",
                    "homepage": "http://fabien.potencier.org",
                    "role": "Lead Developer"
                },
                {
                    "name": "Symfony Community",
                    "homepage": "http://symfony.com/contributors"
                }
            ],
            "description": "Symfony Filesystem Component",
            "homepage": "http://symfony.com",
            "time": "2014-04-16 10:36:21"
        },
        {
            "name": "symfony/finder",
            "version": "v2.5.0",
            "target-dir": "Symfony/Component/Finder",
            "source": {
                "type": "git",
                "url": "https://github.com/symfony/Finder.git",
                "reference": "307aad2c541bbdf43183043645e186ef2cd6b973"
            },
            "dist": {
                "type": "zip",
                "url": "https://api.github.com/repos/symfony/Finder/zipball/307aad2c541bbdf43183043645e186ef2cd6b973",
                "reference": "307aad2c541bbdf43183043645e186ef2cd6b973",
                "shasum": ""
            },
            "require": {
                "php": ">=5.3.3"
            },
            "type": "library",
            "extra": {
                "branch-alias": {
                    "dev-master": "2.5-dev"
                }
            },
            "autoload": {
                "psr-0": {
                    "Symfony\\Component\\Finder\\": ""
                }
            },
            "notification-url": "https://packagist.org/downloads/",
            "license": [
                "MIT"
            ],
            "authors": [
                {
                    "name": "Fabien Potencier",
                    "email": "fabien@symfony.com",
                    "homepage": "http://fabien.potencier.org",
                    "role": "Lead Developer"
                },
                {
                    "name": "Symfony Community",
                    "homepage": "http://symfony.com/contributors"
                }
            ],
            "description": "Symfony Finder Component",
            "homepage": "http://symfony.com",
            "time": "2014-05-22 13:47:45"
        },
        {
            "name": "symfony/process",
            "version": "v2.5.0",
            "target-dir": "Symfony/Component/Process",
            "source": {
                "type": "git",
                "url": "https://github.com/symfony/Process.git",
                "reference": "5d7d78e23894544740219e006320678cfa4cd45b"
            },
            "dist": {
                "type": "zip",
                "url": "https://api.github.com/repos/symfony/Process/zipball/5d7d78e23894544740219e006320678cfa4cd45b",
                "reference": "5d7d78e23894544740219e006320678cfa4cd45b",
                "shasum": ""
            },
            "require": {
                "php": ">=5.3.3"
            },
            "type": "library",
            "extra": {
                "branch-alias": {
                    "dev-master": "2.5-dev"
                }
            },
            "autoload": {
                "psr-0": {
                    "Symfony\\Component\\Process\\": ""
                }
            },
            "notification-url": "https://packagist.org/downloads/",
            "license": [
                "MIT"
            ],
            "authors": [
                {
                    "name": "Fabien Potencier",
                    "email": "fabien@symfony.com",
                    "homepage": "http://fabien.potencier.org",
                    "role": "Lead Developer"
                },
                {
                    "name": "Symfony Community",
                    "homepage": "http://symfony.com/contributors"
                }
            ],
            "description": "Symfony Process Component",
            "homepage": "http://symfony.com",
            "time": "2014-05-23 09:02:52"
        },
        {
            "name": "symfony/yaml",
            "version": "v2.5.0",
            "target-dir": "Symfony/Component/Yaml",
            "source": {
                "type": "git",
                "url": "https://github.com/symfony/Yaml.git",
                "reference": "b4b09c68ec2f2727574544ef0173684281a5033c"
            },
            "dist": {
                "type": "zip",
                "url": "https://api.github.com/repos/symfony/Yaml/zipball/b4b09c68ec2f2727574544ef0173684281a5033c",
                "reference": "b4b09c68ec2f2727574544ef0173684281a5033c",
                "shasum": ""
            },
            "require": {
                "php": ">=5.3.3"
            },
            "type": "library",
            "extra": {
                "branch-alias": {
                    "dev-master": "2.5-dev"
                }
            },
            "autoload": {
                "psr-0": {
                    "Symfony\\Component\\Yaml\\": ""
                }
            },
            "notification-url": "https://packagist.org/downloads/",
            "license": [
                "MIT"
            ],
            "authors": [
                {
                    "name": "Fabien Potencier",
                    "email": "fabien@symfony.com",
                    "homepage": "http://fabien.potencier.org",
                    "role": "Lead Developer"
                },
                {
                    "name": "Symfony Community",
                    "homepage": "http://symfony.com/contributors"
                }
            ],
            "description": "Symfony Yaml Component",
            "homepage": "http://symfony.com",
            "time": "2014-05-16 14:25:18"
        }
    ],
    "packages-dev": [

    ],
    "aliases": [

    ],
    "minimum-stability": "stable",
    "stability-flags": [

    ],
    "platform": {
        "php": ">=5.3.3"
    },
    "platform-dev": [

    ]
}
